
Microsoft Visual Studio Solution File, Format Version 12.00
# Visual Studio Version 17
VisualStudioVersion = 17.1.32210.238
MinimumVisualStudioVersion = 10.0.40219.1
Project("{9A19103F-16F7-4668-BE54-9A1E7A4F7556}") = "01_Singleton", "DesignPatterns\01_Singleton.csproj", "{1DE2062C-F879-4026-B816-1F1DDD029C5E}"
EndProject
Project("{9A19103F-16F7-4668-BE54-9A1E7A4F7556}") = "02_Factory_Method", "02_Factory_Method\02_Factory_Method.csproj", "{79106D94-9FEB-47C8-834C-46AAC4BA1AE7}"
EndProject
Project("{9A19103F-16F7-4668-BE54-9A1E7A4F7556}") = "03_Abstract_Factory", "03_Abstract_Factory\03_Abstract_Factory.csproj", "{CB830F8A-37B2-4DA5-9BE5-2C895B9CB3EA}"
EndProject
Project("{2150E333-8FDC-42A3-9474-1A3956D46DE8}") = "Solution Items", "Solution Items", "{B327C4AC-AACB-471E-931D-EB14D6768791}"
	ProjectSection(SolutionItems) = preProject
		..\README.md = ..\README.md
	EndProjectSection
EndProject
Project("{FAE04EC0-301F-11D3-BF4B-00C04F79EFBC}") = "04_Prototype", "04_Prototype\04_Prototype.csproj", "{B0487A06-E76D-46EF-9019-2E378D34CDBA}"
EndProject
Global
	GlobalSection(SolutionConfigurationPlatforms) = preSolution
		Debug|Any CPU = Debug|Any CPU
		Release|Any CPU = Release|Any CPU
	EndGlobalSection
	GlobalSection(ProjectConfigurationPlatforms) = postSolution
		{1DE2062C-F879-4026-B816-1F1DDD029C5E}.Debug|Any CPU.ActiveCfg = Debug|Any CPU
		{1DE2062C-F879-4026-B816-1F1DDD029C5E}.Debug|Any CPU.Build.0 = Debug|Any CPU
		{1DE2062C-F879-4026-B816-1F1DDD029C5E}.Release|Any CPU.ActiveCfg = Release|Any CPU
		{1DE2062C-F879-4026-B816-1F1DDD029C5E}.Release|Any CPU.Build.0 = Release|Any CPU
		{79106D94-9FEB-47C8-834C-46AAC4BA1AE7}.Debug|Any CPU.ActiveCfg = Debug|Any CPU
		{79106D94-9FEB-47C8-834C-46AAC4BA1AE7}.Debug|Any CPU.Build.0 = Debug|Any CPU
		{79106D94-9FEB-47C8-834C-46AAC4BA1AE7}.Release|Any CPU.ActiveCfg = Release|Any CPU
		{79106D94-9FEB-47C8-834C-46AAC4BA1AE7}.Release|Any CPU.Build.0 = Release|Any CPU
		{CB830F8A-37B2-4DA5-9BE5-2C895B9CB3EA}.Debug|Any CPU.ActiveCfg = Debug|Any CPU
		{CB830F8A-37B2-4DA5-9BE5-2C895B9CB3EA}.Debug|Any CPU.Build.0 = Debug|Any CPU
		{CB830F8A-37B2-4DA5-9BE5-2C895B9CB3EA}.Release|Any CPU.ActiveCfg = Release|Any CPU
		{CB830F8A-37B2-4DA5-9BE5-2C895B9CB3EA}.Release|Any CPU.Build.0 = Release|Any CPU
		{B0487A06-E76D-46EF-9019-2E378D34CDBA}.Debug|Any CPU.ActiveCfg = Debug|Any CPU
		{B0487A06-E76D-46EF-9019-2E378D34CDBA}.Debug|Any CPU.Build.0 = Debug|Any CPU
		{B0487A06-E76D-46EF-9019-2E378D34CDBA}.Release|Any CPU.ActiveCfg = Release|Any CPU
		{B0487A06-E76D-46EF-9019-2E378D34CDBA}.Release|Any CPU.Build.0 = Release|Any CPU
	EndGlobalSection
	GlobalSection(SolutionProperties) = preSolution
		HideSolutionNode = FALSE
	EndGlobalSection
	GlobalSection(ExtensibilityGlobals) = postSolution
		SolutionGuid = {1996665B-3764-40DE-BAC6-578A60E947D8}
	EndGlobalSection
EndGlobal
